
Microsoft Visual Studio Solution File, Format Version 12.00
# Visual Studio 2017
Project("{FAE04EC0-301F-11D3-BF4B-00C04F79EFBC}") = "Practica generador mazmorra", "Practica generador mazmorra.csproj", "{DF74AC55-9B3E-CB69-F377-E9E0943C0BF6}"
EndProject
Global
	GlobalSection(SolutionConfigurationPlatforms) = preSolution
		Debug|Any CPU = Debug|Any CPU
		Release|Any CPU = Release|Any CPU
	EndGlobalSection
	GlobalSection(ProjectConfigurationPlatforms) = postSolution
		{DF74AC55-9B3E-CB69-F377-E9E0943C0BF6}.Debug|Any CPU.ActiveCfg = Debug|Any CPU
		{DF74AC55-9B3E-CB69-F377-E9E0943C0BF6}.Debug|Any CPU.Build.0 = Debug|Any CPU
		{DF74AC55-9B3E-CB69-F377-E9E0943C0BF6}.Release|Any CPU.ActiveCfg = Release|Any CPU
		{DF74AC55-9B3E-CB69-F377-E9E0943C0BF6}.Release|Any CPU.Build.0 = Release|Any CPU
	EndGlobalSection
	GlobalSection(SolutionProperties) = preSolution
		HideSolutionNode = FALSE
	EndGlobalSection
EndGlobal
